
Microsoft Visual Studio Solution File, Format Version 12.00
# Visual Studio Version 17
VisualStudioVersion = 17.14.36603.0
MinimumVisualStudioVersion = 10.0.40219.1
Project("{FAE04EC0-301F-11D3-BF4B-00C04F79EFBC}") = "SharedKernel", "Shared\SharedKernel.csproj", "{5036C066-E037-4367-A8E4-C2D11ECE34BB}"
EndProject
Project("{FAE04EC0-301F-11D3-BF4B-00C04F79EFBC}") = "Framework", "Framework\Framework.csproj", "{EC260C94-B0E5-413D-9525-CA8D4666DBB1}"
EndProject
Project("{2150E333-8FDC-42A3-9474-1A3956D46DE8}") = "Scripts", "Scripts", "{36D591C7-65C7-A0D1-1CBC-10CDE441BDC8}"
	ProjectSection(SolutionItems) = preProject
		scripts\publish-nuget.cmd = scripts\publish-nuget.cmd
	EndProjectSection
EndProject
Project("{2150E333-8FDC-42A3-9474-1A3956D46DE8}") = "Directory", "Directory", "{EA77DBDF-709A-4CCC-B59C-3E73CB53A438}"
	ProjectSection(SolutionItems) = preProject
		Directory.Build.props = Directory.Build.props
	EndProjectSection
EndProject
Global
	GlobalSection(SolutionConfigurationPlatforms) = preSolution
		Debug|Any CPU = Debug|Any CPU
		Release|Any CPU = Release|Any CPU
	EndGlobalSection
	GlobalSection(ProjectConfigurationPlatforms) = postSolution
		{5036C066-E037-4367-A8E4-C2D11ECE34BB}.Debug|Any CPU.ActiveCfg = Debug|Any CPU
		{5036C066-E037-4367-A8E4-C2D11ECE34BB}.Debug|Any CPU.Build.0 = Debug|Any CPU
		{5036C066-E037-4367-A8E4-C2D11ECE34BB}.Release|Any CPU.ActiveCfg = Release|Any CPU
		{5036C066-E037-4367-A8E4-C2D11ECE34BB}.Release|Any CPU.Build.0 = Release|Any CPU
		{EC260C94-B0E5-413D-9525-CA8D4666DBB1}.Debug|Any CPU.ActiveCfg = Debug|Any CPU
		{EC260C94-B0E5-413D-9525-CA8D4666DBB1}.Debug|Any CPU.Build.0 = Debug|Any CPU
		{EC260C94-B0E5-413D-9525-CA8D4666DBB1}.Release|Any CPU.ActiveCfg = Release|Any CPU
		{EC260C94-B0E5-413D-9525-CA8D4666DBB1}.Release|Any CPU.Build.0 = Release|Any CPU
	EndGlobalSection
	GlobalSection(SolutionProperties) = preSolution
		HideSolutionNode = FALSE
	EndGlobalSection
	GlobalSection(ExtensibilityGlobals) = postSolution
		SolutionGuid = {D1024B82-68EC-44C6-B1F7-C89789E377DA}
	EndGlobalSection
EndGlobal
